
Microsoft Visual Studio Solution File, Format Version 12.00
# Visual Studio Version 17
VisualStudioVersion = 17.5.002.0
MinimumVisualStudioVersion = 10.0.40219.1
Project("{9A19103F-16F7-4668-BE54-9A1E7A4F7556}") = "Atividade", "Atividade.csproj", "{57281DD9-2EA5-4CC2-AF28-B8989BC5C01B}"
EndProject
Global
	GlobalSection(SolutionConfigurationPlatforms) = preSolution
		Debug|Any CPU = Debug|Any CPU
		Release|Any CPU = Release|Any CPU
	EndGlobalSection
	GlobalSection(ProjectConfigurationPlatforms) = postSolution
		{57281DD9-2EA5-4CC2-AF28-B8989BC5C01B}.Debug|Any CPU.ActiveCfg = Debug|Any CPU
		{57281DD9-2EA5-4CC2-AF28-B8989BC5C01B}.Debug|Any CPU.Build.0 = Debug|Any CPU
		{57281DD9-2EA5-4CC2-AF28-B8989BC5C01B}.Release|Any CPU.ActiveCfg = Release|Any CPU
		{57281DD9-2EA5-4CC2-AF28-B8989BC5C01B}.Release|Any CPU.Build.0 = Release|Any CPU
	EndGlobalSection
	GlobalSection(SolutionProperties) = preSolution
		HideSolutionNode = FALSE
	EndGlobalSection
	GlobalSection(ExtensibilityGlobals) = postSolution
		SolutionGuid = {4DB8BA89-2B2C-4A0B-B219-10207C1BFF7B}
	EndGlobalSection
EndGlobal
